// !$*UTF8*$!
{
	archiveVersion = 1;
	classes = {
	};
	objectVersion = 55;
	objects = {

/* Begin PBXBuildFile section */
		3C92E8E2278929E9004983C2 /* SwiftUI_TutorialsApp.swift in Sources */ = {isa = PBXBuildFile; fileRef = 3C92E8E1278929E9004983C2 /* SwiftUI_TutorialsApp.swift */; };
		3C92E8E4278929E9004983C2 /* ContentView.swift in Sources */ = {isa = PBXBuildFile; fileRef = 3C92E8E3278929E9004983C2 /* ContentView.swift */; };
		3C92E8E6278929EA004983C2 /* Assets.xcassets in Resources */ = {isa = PBXBuildFile; fileRef = 3C92E8E5278929EA004983C2 /* Assets.xcassets */; };
		3C92E8E9278929EA004983C2 /* Preview Assets.xcassets in Resources */ = {isa = PBXBuildFile; fileRef = 3C92E8E8278929EA004983C2 /* Preview Assets.xcassets */; };
		3C92E8EB278929EA004983C2 /* Persistence.swift in Sources */ = {isa = PBXBuildFile; fileRef = 3C92E8EA278929EA004983C2 /* Persistence.swift */; };
		3C92E8EE278929EA004983C2 /* SwiftUI_Tutorials.xcdatamodeld in Sources */ = {isa = PBXBuildFile; fileRef = 3C92E8EC278929EA004983C2 /* SwiftUI_Tutorials.xcdatamodeld */; };
		3C92E8F8278929EA004983C2 /* SwiftUI_TutorialsTests.swift in Sources */ = {isa = PBXBuildFile; fileRef = 3C92E8F7278929EA004983C2 /* SwiftUI_TutorialsTests.swift */; };
		3C92E902278929EA004983C2 /* SwiftUI_TutorialsUITests.swift in Sources */ = {isa = PBXBuildFile; fileRef = 3C92E901278929EA004983C2 /* SwiftUI_TutorialsUITests.swift */; };
		3C92E904278929EA004983C2 /* SwiftUI_TutorialsUITestsLaunchTests.swift in Sources */ = {isa = PBXBuildFile; fileRef = 3C92E903278929EA004983C2 /* SwiftUI_TutorialsUITestsLaunchTests.swift */; };
/* End PBXBuildFile section */

/* Begin PBXContainerItemProxy section */
		3C92E8F4278929EA004983C2 /* PBXContainerItemProxy */ = {
			isa = PBXContainerItemProxy;
			containerPortal = 3C92E8D6278929E8004983C2 /* Project object */;
			proxyType = 1;
			remoteGlobalIDString = 3C92E8DD278929E9004983C2;
			remoteInfo = "SwiftUI-Tutorials";
		};
		3C92E8FE278929EA004983C2 /* PBXContainerItemProxy */ = {
			isa = PBXContainerItemProxy;
			containerPortal = 3C92E8D6278929E8004983C2 /* Project object */;
			proxyType = 1;
			remoteGlobalIDString = 3C92E8DD278929E9004983C2;
			remoteInfo = "SwiftUI-Tutorials";
		};
/* End PBXContainerItemProxy section */

/* Begin PBXFileReference section */
		3C92E8DE278929E9004983C2 /* SwiftUI-Tutorials.app */ = {isa = PBXFileReference; explicitFileType = wrapper.application; includeInIndex = 0; path = "SwiftUI-Tutorials.app"; sourceTree = BUILT_PRODUCTS_DIR; };
		3C92E8E1278929E9004983C2 /* SwiftUI_TutorialsApp.swift */ = {isa = PBXFileReference; lastKnownFileType = sourcecode.swift; path = SwiftUI_TutorialsApp.swift; sourceTree = "<group>"; };
		3C92E8E3278929E9004983C2 /* ContentView.swift */ = {isa = PBXFileReference; lastKnownFileType = sourcecode.swift; path = ContentView.swift; sourceTree = "<group>"; };
		3C92E8E5278929EA004983C2 /* Assets.xcassets */ = {isa = PBXFileReference; lastKnownFileType = folder.assetcatalog; path = Assets.xcassets; sourceTree = "<group>"; };
		3C92E8E8278929EA004983C2 /* Preview Assets.xcassets */ = {isa = PBXFileReference; lastKnownFileType = folder.assetcatalog; path = "Preview Assets.xcassets"; sourceTree = "<group>"; };
		3C92E8EA278929EA004983C2 /* Persistence.swift */ = {isa = PBXFileReference; lastKnownFileType = sourcecode.swift; path = Persistence.swift; sourceTree = "<group>"; };
		3C92E8ED278929EA004983C2 /* SwiftUI_Tutorials.xcdatamodel */ = {isa = PBXFileReference; lastKnownFileType = wrapper.xcdatamodel; path = SwiftUI_Tutorials.xcdatamodel; sourceTree = "<group>"; };
		3C92E8F3278929EA004983C2 /* SwiftUI-TutorialsTests.xctest */ = {isa = PBXFileReference; explicitFileType = wrapper.cfbundle; includeInIndex = 0; path = "SwiftUI-TutorialsTests.xctest"; sourceTree = BUILT_PRODUCTS_DIR; };
		3C92E8F7278929EA004983C2 /* SwiftUI_TutorialsTests.swift */ = {isa = PBXFileReference; lastKnownFileType = sourcecode.swift; path = SwiftUI_TutorialsTests.swift; sourceTree = "<group>"; };
		3C92E8FD278929EA004983C2 /* SwiftUI-TutorialsUITests.xctest */ = {isa = PBXFileReference; explicitFileType = wrapper.cfbundle; includeInIndex = 0; path = "SwiftUI-TutorialsUITests.xctest"; sourceTree = BUILT_PRODUCTS_DIR; };
		3C92E901278929EA004983C2 /* SwiftUI_TutorialsUITests.swift */ = {isa = PBXFileReference; lastKnownFileType = sourcecode.swift; path = SwiftUI_TutorialsUITests.swift; sourceTree = "<group>"; };
		3C92E903278929EA004983C2 /* SwiftUI_TutorialsUITestsLaunchTests.swift */ = {isa = PBXFileReference; lastKnownFileType = sourcecode.swift; path = SwiftUI_TutorialsUITestsLaunchTests.swift; sourceTree = "<group>"; };
/* End PBXFileReference section */

/* Begin PBXFrameworksBuildPhase section */
		3C92E8DB278929E9004983C2 /* Frameworks */ = {
			isa = PBXFrameworksBuildPhase;
			buildActionMask = 2147483647;
			files = (
			);
			runOnlyForDeploymentPostprocessing = 0;
		};
		3C92E8F0278929EA004983C2 /* Frameworks */ = {
			isa = PBXFrameworksBuildPhase;
			buildActionMask = 2147483647;
			files = (
			);
			runOnlyForDeploymentPostprocessing = 0;
		};
		3C92E8FA278929EA004983C2 /* Frameworks */ = {
			isa = PBXFrameworksBuildPhase;
			buildActionMask = 2147483647;
			files = (
			);
			runOnlyForDeploymentPostprocessing = 0;
		};
/* End PBXFrameworksBuildPhase section */

/* Begin PBXGroup section */
		3C92E8D5278929E8004983C2 = {
			isa = PBXGroup;
			children = (
				3C92E8E0278929E9004983C2 /* SwiftUI-Tutorials */,
				3C92E8F6278929EA004983C2 /* SwiftUI-TutorialsTests */,
				3C92E900278929EA004983C2 /* SwiftUI-TutorialsUITests */,
				3C92E8DF278929E9004983C2 /* Products */,
			);
			sourceTree = "<group>";
		};
		3C92E8DF278929E9004983C2 /* Products */ = {
			isa = PBXGroup;
			children = (
				3C92E8DE278929E9004983C2 /* SwiftUI-Tutorials.app */,
				3C92E8F3278929EA004983C2 /* SwiftUI-TutorialsTests.xctest */,
				3C92E8FD278929EA004983C2 /* SwiftUI-TutorialsUITests.xctest */,
			);
			name = Products;
			sourceTree = "<group>";
		};
		3C92E8E0278929E9004983C2 /* SwiftUI-Tutorials */ = {
			isa = PBXGroup;
			children = (
				3C92E8E1278929E9004983C2 /* SwiftUI_TutorialsApp.swift */,
				3C92E8E3278929E9004983C2 /* ContentView.swift */,
				3C92E8E5278929EA004983C2 /* Assets.xcassets */,
				3C92E8EA278929EA004983C2 /* Persistence.swift */,
				3C92E8EC278929EA004983C2 /* SwiftUI_Tutorials.xcdatamodeld */,
				3C92E8E7278929EA004983C2 /* Preview Content */,
			);
			path = "SwiftUI-Tutorials";
			sourceTree = "<group>";
		};
		3C92E8E7278929EA004983C2 /* Preview Content */ = {
			isa = PBXGroup;
			children = (
				3C92E8E8278929EA004983C2 /* Preview Assets.xcassets */,
			);
			path = "Preview Content";
			sourceTree = "<group>";
		};
		3C92E8F6278929EA004983C2 /* SwiftUI-TutorialsTests */ = {
			isa = PBXGroup;
			children = (
				3C92E8F7278929EA004983C2 /* SwiftUI_TutorialsTests.swift */,
			);
			path = "SwiftUI-TutorialsTests";
			sourceTree = "<group>";
		};
		3C92E900278929EA004983C2 /* SwiftUI-TutorialsUITests */ = {
			isa = PBXGroup;
			children = (
				3C92E901278929EA004983C2 /* SwiftUI_TutorialsUITests.swift */,
				3C92E903278929EA004983C2 /* SwiftUI_TutorialsUITestsLaunchTests.swift */,
			);
			path = "SwiftUI-TutorialsUITests";
			sourceTree = "<group>";
		};
/* End PBXGroup section */

/* Begin PBXNativeTarget section */
		3C92E8DD278929E9004983C2 /* SwiftUI-Tutorials */ = {
			isa = PBXNativeTarget;
			buildConfigurationList = 3C92E907278929EA004983C2 /* Build configuration list for PBXNativeTarget "SwiftUI-Tutorials" */;
			buildPhases = (
				3C92E8DA278929E9004983C2 /* Sources */,
				3C92E8DB278929E9004983C2 /* Frameworks */,
				3C92E8DC278929E9004983C2 /* Resources */,
			);
			buildRules = (
			);
			dependencies = (
			);
			name = "SwiftUI-Tutorials";
			productName = "SwiftUI-Tutorials";
			productReference = 3C92E8DE278929E9004983C2 /* SwiftUI-Tutorials.app */;
			productType = "com.apple.product-type.application";
		};
		3C92E8F2278929EA004983C2 /* SwiftUI-TutorialsTests */ = {
			isa = PBXNativeTarget;
			buildConfigurationList = 3C92E90A278929EA004983C2 /* Build configuration list for PBXNativeTarget "SwiftUI-TutorialsTests" */;
			buildPhases = (
				3C92E8EF278929EA004983C2 /* Sources */,
				3C92E8F0278929EA004983C2 /* Frameworks */,
				3C92E8F1278929EA004983C2 /* Resources */,
			);
			buildRules = (
			);
			dependencies = (
				3C92E8F5278929EA004983C2 /* PBXTargetDependency */,
			);
			name = "SwiftUI-TutorialsTests";
			productName = "SwiftUI-TutorialsTests";
			productReference = 3C92E8F3278929EA004983C2 /* SwiftUI-TutorialsTests.xctest */;
			productType = "com.apple.product-type.bundle.unit-test";
		};
		3C92E8FC278929EA004983C2 /* SwiftUI-TutorialsUITests */ = {
			isa = PBXNativeTarget;
			buildConfigurationList = 3C92E90D278929EA004983C2 /* Build configuration list for PBXNativeTarget "SwiftUI-TutorialsUITests" */;
			buildPhases = (
				3C92E8F9278929EA004983C2 /* Sources */,
				3C92E8FA278929EA004983C2 /* Frameworks */,
				3C92E8FB278929EA004983C2 /* Resources */,
			);
			buildRules = (
			);
			dependencies = (
				3C92E8FF278929EA004983C2 /* PBXTargetDependency */,
			);
			name = "SwiftUI-TutorialsUITests";
			productName = "SwiftUI-TutorialsUITests";
			productReference = 3C92E8FD278929EA004983C2 /* SwiftUI-TutorialsUITests.xctest */;
			productType = "com.apple.product-type.bundle.ui-testing";
		};
/* End PBXNativeTarget section */

/* Begin PBXProject section */
		3C92E8D6278929E8004983C2 /* Project object */ = {
			isa = PBXProject;
			attributes = {
				BuildIndependentTargetsInParallel = 1;
				LastSwiftUpdateCheck = 1320;
				LastUpgradeCheck = 1320;
				TargetAttributes = {
					3C92E8DD278929E9004983C2 = {
						CreatedOnToolsVersion = 13.2.1;
					};
					3C92E8F2278929EA004983C2 = {
						CreatedOnToolsVersion = 13.2.1;
						TestTargetID = 3C92E8DD278929E9004983C2;
					};
					3C92E8FC278929EA004983C2 = {
						CreatedOnToolsVersion = 13.2.1;
						TestTargetID = 3C92E8DD278929E9004983C2;
					};
				};
			};
			buildConfigurationList = 3C92E8D9278929E8004983C2 /* Build configuration list for PBXProject "SwiftUI-Tutorials" */;
			compatibilityVersion = "Xcode 13.0";
			developmentRegion = en;
			hasScannedForEncodings = 0;
			knownRegions = (
				en,
				Base,
			);
			mainGroup = 3C92E8D5278929E8004983C2;
			productRefGroup = 3C92E8DF278929E9004983C2 /* Products */;
			projectDirPath = "";
			projectRoot = "";
			targets = (
				3C92E8DD278929E9004983C2 /* SwiftUI-Tutorials */,
				3C92E8F2278929EA004983C2 /* SwiftUI-TutorialsTests */,
				3C92E8FC278929EA004983C2 /* SwiftUI-TutorialsUITests */,
			);
		};
/* End PBXProject section */

/* Begin PBXResourcesBuildPhase section */
		3C92E8DC278929E9004983C2 /* Resources */ = {
			isa = PBXResourcesBuildPhase;
			buildActionMask = 2147483647;
			files = (
				3C92E8E9278929EA004983C2 /* Preview Assets.xcassets in Resources */,
				3C92E8E6278929EA004983C2 /* Assets.xcassets in Resources */,
			);
			runOnlyForDeploymentPostprocessing = 0;
		};
		3C92E8F1278929EA004983C2 /* Resources */ = {
			isa = PBXResourcesBuildPhase;
			buildActionMask = 2147483647;
			files = (
			);
			runOnlyForDeploymentPostprocessing = 0;
		};
		3C92E8FB278929EA004983C2 /* Resources */ = {
			isa = PBXResourcesBuildPhase;
			buildActionMask = 2147483647;
			files = (
			);
			runOnlyForDeploymentPostprocessing = 0;
		};
/* End PBXResourcesBuildPhase section */

/* Begin PBXSourcesBuildPhase section */
		3C92E8DA278929E9004983C2 /* Sources */ = {
			isa = PBXSourcesBuildPhase;
			buildActionMask = 2147483647;
			files = (
				3C92E8EB278929EA004983C2 /* Persistence.swift in Sources */,
				3C92E8E4278929E9004983C2 /* ContentView.swift in Sources */,
				3C92E8E2278929E9004983C2 /* SwiftUI_TutorialsApp.swift in Sources */,
				3C92E8EE278929EA004983C2 /* SwiftUI_Tutorials.xcdatamodeld in Sources */,
			);
			runOnlyForDeploymentPostprocessing = 0;
		};
		3C92E8EF278929EA004983C2 /* Sources */ = {
			isa = PBXSourcesBuildPhase;
			buildActionMask = 2147483647;
			files = (
				3C92E8F8278929EA004983C2 /* SwiftUI_TutorialsTests.swift in Sources */,
			);
			runOnlyForDeploymentPostprocessing = 0;
		};
		3C92E8F9278929EA004983C2 /* Sources */ = {
			isa = PBXSourcesBuildPhase;
			buildActionMask = 2147483647;
			files = (
				3C92E904278929EA004983C2 /* SwiftUI_TutorialsUITestsLaunchTests.swift in Sources */,
				3C92E902278929EA004983C2 /* SwiftUI_TutorialsUITests.swift in Sources */,
			);
			runOnlyForDeploymentPostprocessing = 0;
		};
/* End PBXSourcesBuildPhase section */

/* Begin PBXTargetDependency section */
		3C92E8F5278929EA004983C2 /* PBXTargetDependency */ = {
			isa = PBXTargetDependency;
			target = 3C92E8DD278929E9004983C2 /* SwiftUI-Tutorials */;
			targetProxy = 3C92E8F4278929EA004983C2 /* PBXContainerItemProxy */;
		};
		3C92E8FF278929EA004983C2 /* PBXTargetDependency */ = {
			isa = PBXTargetDependency;
			target = 3C92E8DD278929E9004983C2 /* SwiftUI-Tutorials */;
			targetProxy = 3C92E8FE278929EA004983C2 /* PBXContainerItemProxy */;
		};
/* End PBXTargetDependency section */

/* Begin XCBuildConfiguration section */
		3C92E905278929EA004983C2 /* Debug */ = {
			isa = XCBuildConfiguration;
			buildSettings = {
				ALWAYS_SEARCH_USER_PATHS = NO;
				CLANG_ANALYZER_NONNULL = YES;
				CLANG_ANALYZER_NUMBER_OBJECT_CONVERSION = YES_AGGRESSIVE;
				CLANG_CXX_LANGUAGE_STANDARD = "gnu++17";
				CLANG_CXX_LIBRARY = "libc++";
				CLANG_ENABLE_MODULES = YES;
				CLANG_ENABLE_OBJC_ARC = YES;
				CLANG_ENABLE_OBJC_WEAK = YES;
				CLANG_WARN_BLOCK_CAPTURE_AUTORELEASING = YES;
				CLANG_WARN_BOOL_CONVERSION = YES;
				CLANG_WARN_COMMA = YES;
				CLANG_WARN_CONSTANT_CONVERSION = YES;
				CLANG_WARN_DEPRECATED_OBJC_IMPLEMENTATIONS = YES;
				CLANG_WARN_DIRECT_OBJC_ISA_USAGE = YES_ERROR;
				CLANG_WARN_DOCUMENTATION_COMMENTS = YES;
				CLANG_WARN_EMPTY_BODY = YES;
				CLANG_WARN_ENUM_CONVERSION = YES;
				CLANG_WARN_INFINITE_RECURSION = YES;
				CLANG_WARN_INT_CONVERSION = YES;
				CLANG_WARN_NON_LITERAL_NULL_CONVERSION = YES;
				CLANG_WARN_OBJC_IMPLICIT_RETAIN_SELF = YES;
				CLANG_WARN_OBJC_LITERAL_CONVERSION = YES;
				CLANG_WARN_OBJC_ROOT_CLASS = YES_ERROR;
				CLANG_WARN_QUOTED_INCLUDE_IN_FRAMEWORK_HEADER = YES;
				CLANG_WARN_RANGE_LOOP_ANALYSIS = YES;
				CLANG_WARN_STRICT_PROTOTYPES = YES;
				CLANG_WARN_SUSPICIOUS_MOVE = YES;
				CLANG_WARN_UNGUARDED_AVAILABILITY = YES_AGGRESSIVE;
				CLANG_WARN_UNREACHABLE_CODE = YES;
				CLANG_WARN__DUPLICATE_METHOD_MATCH = YES;
				COPY_PHASE_STRIP = NO;
				DEBUG_INFORMATION_FORMAT = dwarf;
				ENABLE_STRICT_OBJC_MSGSEND = YES;
				ENABLE_TESTABILITY = YES;
				GCC_C_LANGUAGE_STANDARD = gnu11;
				GCC_DYNAMIC_NO_PIC = NO;
				GCC_NO_COMMON_BLOCKS = YES;
				GCC_OPTIMIZATION_LEVEL = 0;
				GCC_PREPROCESSOR_DEFINITIONS = (
					"DEBUG=1",
					"$(inherited)",
				);
				GCC_WARN_64_TO_32_BIT_CONVERSION = YES;
				GCC_WARN_ABOUT_RETURN_TYPE = YES_ERROR;
				GCC_WARN_UNDECLARED_SELECTOR = YES;
				GCC_WARN_UNINITIALIZED_AUTOS = YES_AGGRESSIVE;
				GCC_WARN_UNUSED_FUNCTION = YES;
				GCC_WARN_UNUSED_VARIABLE = YES;
				IPHONEOS_DEPLOYMENT_TARGET = 15.2;
				MTL_ENABLE_DEBUG_INFO = INCLUDE_SOURCE;
				MTL_FAST_MATH = YES;
				ONLY_ACTIVE_ARCH = YES;
				SDKROOT = iphoneos;
				SWIFT_ACTIVE_COMPILATION_CONDITIONS = DEBUG;
				SWIFT_OPTIMIZATION_LEVEL = "-Onone";
			};
			name = Debug;
		};
		3C92E906278929EA004983C2 /* Release */ = {
			isa = XCBuildConfiguration;
			buildSettings = {
				ALWAYS_SEARCH_USER_PATHS = NO;
				CLANG_ANALYZER_NONNULL = YES;
				CLANG_ANALYZER_NUMBER_OBJECT_CONVERSION = YES_AGGRESSIVE;
				CLANG_CXX_LANGUAGE_STANDARD = "gnu++17";
				CLANG_CXX_LIBRARY = "libc++";
				CLANG_ENABLE_MODULES = YES;
				CLANG_ENABLE_OBJC_ARC = YES;
				CLANG_ENABLE_OBJC_WEAK = YES;
				CLANG_WARN_BLOCK_CAPTURE_AUTORELEASING = YES;
				CLANG_WARN_BOOL_CONVERSION = YES;
				CLANG_WARN_COMMA = YES;
				CLANG_WARN_CONSTANT_CONVERSION = YES;
				CLANG_WARN_DEPRECATED_OBJC_IMPLEMENTATIONS = YES;
				CLANG_WARN_DIRECT_OBJC_ISA_USAGE = YES_ERROR;
				CLANG_WARN_DOCUMENTATION_COMMENTS = YES;
				CLANG_WARN_EMPTY_BODY = YES;
				CLANG_WARN_ENUM_CONVERSION = YES;
				CLANG_WARN_INFINITE_RECURSION = YES;
				CLANG_WARN_INT_CONVERSION = YES;
				CLANG_WARN_NON_LITERAL_NULL_CONVERSION = YES;
				CLANG_WARN_OBJC_IMPLICIT_RETAIN_SELF = YES;
				CLANG_WARN_OBJC_LITERAL_CONVERSION = YES;
				CLANG_WARN_OBJC_ROOT_CLASS = YES_ERROR;
				CLANG_WARN_QUOTED_INCLUDE_IN_FRAMEWORK_HEADER = YES;
				CLANG_WARN_RANGE_LOOP_ANALYSIS = YES;
				CLANG_WARN_STRICT_PROTOTYPES = YES;
				CLANG_WARN_SUSPICIOUS_MOVE = YES;
				CLANG_WARN_UNGUARDED_AVAILABILITY = YES_AGGRESSIVE;
				CLANG_WARN_UNREACHABLE_CODE = YES;
				CLANG_WARN__DUPLICATE_METHOD_MATCH = YES;
				COPY_PHASE_STRIP = NO;
				DEBUG_INFORMATION_FORMAT = "dwarf-with-dsym";
				ENABLE_NS_ASSERTIONS = NO;
				ENABLE_STRICT_OBJC_MSGSEND = YES;
				GCC_C_LANGUAGE_STANDARD = gnu11;
				GCC_NO_COMMON_BLOCKS = YES;
				GCC_WARN_64_TO_32_BIT_CONVERSION = YES;
				GCC_WARN_ABOUT_RETURN_TYPE = YES_ERROR;
				GCC_WARN_UNDECLARED_SELECTOR = YES;
				GCC_WARN_UNINITIALIZED_AUTOS = YES_AGGRESSIVE;
				GCC_WARN_UNUSED_FUNCTION = YES;
				GCC_WARN_UNUSED_VARIABLE = YES;
				IPHONEOS_DEPLOYMENT_TARGET = 15.2;
				MTL_ENABLE_DEBUG_INFO = NO;
				MTL_FAST_MATH = YES;
				SDKROOT = iphoneos;
				SWIFT_COMPILATION_MODE = wholemodule;
				SWIFT_OPTIMIZATION_LEVEL = "-O";
				VALIDATE_PRODUCT = YES;
			};
			name = Release;
		};
		3C92E908278929EA004983C2 /* Debug */ = {
			isa = XCBuildConfiguration;
			buildSettings = {
				ASSETCATALOG_COMPILER_APPICON_NAME = AppIcon;
				ASSETCATALOG_COMPILER_GLOBAL_ACCENT_COLOR_NAME = AccentColor;
				CODE_SIGN_STYLE = Automatic;
				CURRENT_PROJECT_VERSION = 1;
				DEVELOPMENT_ASSET_PATHS = "\"SwiftUI-Tutorials/Preview Content\"";
				DEVELOPMENT_TEAM = J39U7B46S4;
				ENABLE_PREVIEWS = YES;
				GENERATE_INFOPLIST_FILE = YES;
				INFOPLIST_KEY_UIApplicationSceneManifest_Generation = YES;
				INFOPLIST_KEY_UIApplicationSupportsIndirectInputEvents = YES;
				INFOPLIST_KEY_UILaunchScreen_Generation = YES;
				INFOPLIST_KEY_UISupportedInterfaceOrientations_iPad = "UIInterfaceOrientationPortrait UIInterfaceOrientationPortraitUpsideDown UIInterfaceOrientationLandscapeLeft UIInterfaceOrientationLandscapeRight";
				INFOPLIST_KEY_UISupportedInterfaceOrientations_iPhone = "UIInterfaceOrientationPortrait UIInterfaceOrientationLandscapeLeft UIInterfaceOrientationLandscapeRight";
				LD_RUNPATH_SEARCH_PATHS = (
					"$(inherited)",
					"@executable_path/Frameworks",
				);
				MARKETING_VERSION = 1.0;
				PRODUCT_BUNDLE_IDENTIFIER = "com.tyl.SwiftUI-Tutorials";
				PRODUCT_NAME = "$(TARGET_NAME)";
				SWIFT_EMIT_LOC_STRINGS = YES;
				SWIFT_VERSION = 5.0;
				TARGETED_DEVICE_FAMILY = "1,2";
			};
			name = Debug;
		};
		3C92E909278929EA004983C2 /* Release */ = {
			isa = XCBuildConfiguration;
			buildSettings = {
				ASSETCATALOG_COMPILER_APPICON_NAME = AppIcon;
				ASSETCATALOG_COMPILER_GLOBAL_ACCENT_COLOR_NAME = AccentColor;
				CODE_SIGN_STYLE = Automatic;
				CURRENT_PROJECT_VERSION = 1;
				DEVELOPMENT_ASSET_PATHS = "\"SwiftUI-Tutorials/Preview Content\"";
				DEVELOPMENT_TEAM = J39U7B46S4;
				ENABLE_PREVIEWS = YES;
				GENERATE_INFOPLIST_FILE = YES;
				INFOPLIST_KEY_UIApplicationSceneManifest_Generation = YES;
				INFOPLIST_KEY_UIApplicationSupportsIndirectInputEvents = YES;
				INFOPLIST_KEY_UILaunchScreen_Generation = YES;
				INFOPLIST_KEY_UISupportedInterfaceOrientations_iPad = "UIInterfaceOrientationPortrait UIInterfaceOrientationPortraitUpsideDown UIInterfaceOrientationLandscapeLeft UIInterfaceOrientationLandscapeRight";
				INFOPLIST_KEY_UISupportedInterfaceOrientations_iPhone = "UIInterfaceOrientationPortrait UIInterfaceOrientationLandscapeLeft UIInterfaceOrientationLandscapeRight";
				LD_RUNPATH_SEARCH_PATHS = (
					"$(inherited)",
					"@executable_path/Frameworks",
				);
				MARKETING_VERSION = 1.0;
				PRODUCT_BUNDLE_IDENTIFIER = "com.tyl.SwiftUI-Tutorials";
				PRODUCT_NAME = "$(TARGET_NAME)";
				SWIFT_EMIT_LOC_STRINGS = YES;
				SWIFT_VERSION = 5.0;
				TARGETED_DEVICE_FAMILY = "1,2";
			};
			name = Release;
		};
		3C92E90B278929EA004983C2 /* Debug */ = {
			isa = XCBuildConfiguration;
			buildSettings = {
				ALWAYS_EMBED_SWIFT_STANDARD_LIBRARIES = YES;
				BUNDLE_LOADER = "$(TEST_HOST)";
				CODE_SIGN_STYLE = Automatic;
				CURRENT_PROJECT_VERSION = 1;
				DEVELOPMENT_TEAM = J39U7B46S4;
				GENERATE_INFOPLIST_FILE = YES;
				IPHONEOS_DEPLOYMENT_TARGET = 15.2;
				MARKETING_VERSION = 1.0;
				PRODUCT_BUNDLE_IDENTIFIER = "com.tyl.SwiftUI-TutorialsTests";
				PRODUCT_NAME = "$(TARGET_NAME)";
				SWIFT_EMIT_LOC_STRINGS = NO;
				SWIFT_VERSION = 5.0;
				TARGETED_DEVICE_FAMILY = "1,2";
				TEST_HOST = "$(BUILT_PRODUCTS_DIR)/SwiftUI-Tutorials.app/SwiftUI-Tutorials";
			};
			name = Debug;
		};
		3C92E90C278929EA004983C2 /* Release */ = {
			isa = XCBuildConfiguration;
			buildSettings = {
				ALWAYS_EMBED_SWIFT_STANDARD_LIBRARIES = YES;
				BUNDLE_LOADER = "$(TEST_HOST)";
				CODE_SIGN_STYLE = Automatic;
				CURRENT_PROJECT_VERSION = 1;
				DEVELOPMENT_TEAM = J39U7B46S4;
				GENERATE_INFOPLIST_FILE = YES;
				IPHONEOS_DEPLOYMENT_TARGET = 15.2;
				MARKETING_VERSION = 1.0;
				PRODUCT_BUNDLE_IDENTIFIER = "com.tyl.SwiftUI-TutorialsTests";
				PRODUCT_NAME = "$(TARGET_NAME)";
				SWIFT_EMIT_LOC_STRINGS = NO;
				SWIFT_VERSION = 5.0;
				TARGETED_DEVICE_FAMILY = "1,2";
				TEST_HOST = "$(BUILT_PRODUCTS_DIR)/SwiftUI-Tutorials.app/SwiftUI-Tutorials";
			};
			name = Release;
		};
		3C92E90E278929EA004983C2 /* Debug */ = {
			isa = XCBuildConfiguration;
			buildSettings = {
				ALWAYS_EMBED_SWIFT_STANDARD_LIBRARIES = YES;
				CODE_SIGN_STYLE = Automatic;
				CURRENT_PROJECT_VERSION = 1;
				DEVELOPMENT_TEAM = J39U7B46S4;
				GENERATE_INFOPLIST_FILE = YES;
				MARKETING_VERSION = 1.0;
				PRODUCT_BUNDLE_IDENTIFIER = "com.tyl.SwiftUI-TutorialsUITests";
				PRODUCT_NAME = "$(TARGET_NAME)";
				SWIFT_EMIT_LOC_STRINGS = NO;
				SWIFT_VERSION = 5.0;
				TARGETED_DEVICE_FAMILY = "1,2";
				TEST_TARGET_NAME = "SwiftUI-Tutorials";
			};
			name = Debug;
		};
		3C92E90F278929EA004983C2 /* Release */ = {
			isa = XCBuildConfiguration;
			buildSettings = {
				ALWAYS_EMBED_SWIFT_STANDARD_LIBRARIES = YES;
				CODE_SIGN_STYLE = Automatic;
				CURRENT_PROJECT_VERSION = 1;
				DEVELOPMENT_TEAM = J39U7B46S4;
				GENERATE_INFOPLIST_FILE = YES;
				MARKETING_VERSION = 1.0;
				PRODUCT_BUNDLE_IDENTIFIER = "com.tyl.SwiftUI-TutorialsUITests";
				PRODUCT_NAME = "$(TARGET_NAME)";
				SWIFT_EMIT_LOC_STRINGS = NO;
				SWIFT_VERSION = 5.0;
				TARGETED_DEVICE_FAMILY = "1,2";
				TEST_TARGET_NAME = "SwiftUI-Tutorials";
			};
			name = Release;
		};
/* End XCBuildConfiguration section */

/* Begin XCConfigurationList section */
		3C92E8D9278929E8004983C2 /* Build configuration list for PBXProject "SwiftUI-Tutorials" */ = {
			isa = XCConfigurationList;
			buildConfigurations = (
				3C92E905278929EA004983C2 /* Debug */,
				3C92E906278929EA004983C2 /* Release */,
			);
			defaultConfigurationIsVisible = 0;
			defaultConfigurationName = Release;
		};
		3C92E907278929EA004983C2 /* Build configuration list for PBXNativeTarget "SwiftUI-Tutorials" */ = {
			isa = XCConfigurationList;
			buildConfigurations = (
				3C92E908278929EA004983C2 /* Debug */,
				3C92E909278929EA004983C2 /* Release */,
			);
			defaultConfigurationIsVisible = 0;
			defaultConfigurationName = Release;
		};
		3C92E90A278929EA004983C2 /* Build configuration list for PBXNativeTarget "SwiftUI-TutorialsTests" */ = {
			isa = XCConfigurationList;
			buildConfigurations = (
				3C92E90B278929EA004983C2 /* Debug */,
				3C92E90C278929EA004983C2 /* Release */,
			);
			defaultConfigurationIsVisible = 0;
			defaultConfigurationName = Release;
		};
		3C92E90D278929EA004983C2 /* Build configuration list for PBXNativeTarget "SwiftUI-TutorialsUITests" */ = {
			isa = XCConfigurationList;
			buildConfigurations = (
				3C92E90E278929EA004983C2 /* Debug */,
				3C92E90F278929EA004983C2 /* Release */,
			);
			defaultConfigurationIsVisible = 0;
			defaultConfigurationName = Release;
		};
/* End XCConfigurationList section */

/* Begin XCVersionGroup section */
		3C92E8EC278929EA004983C2 /* SwiftUI_Tutorials.xcdatamodeld */ = {
			isa = XCVersionGroup;
			children = (
				3C92E8ED278929EA004983C2 /* SwiftUI_Tutorials.xcdatamodel */,
			);
			currentVersion = 3C92E8ED278929EA004983C2 /* SwiftUI_Tutorials.xcdatamodel */;
			path = SwiftUI_Tutorials.xcdatamodeld;
			sourceTree = "<group>";
			versionGroupType = wrapper.xcdatamodel;
		};
/* End XCVersionGroup section */
	};
	rootObject = 3C92E8D6278929E8004983C2 /* Project object */;
}
